
Microsoft Visual Studio Solution File, Format Version 12.00
# Visual Studio Version 17
VisualStudioVersion = 17.13.35828.75
MinimumVisualStudioVersion = 10.0.40219.1
Project("{FAE04EC0-301F-11D3-BF4B-00C04F79EFBC}") = "ArticleApp.Models", "ArticleApp.Models\ArticleApp.Models.csproj", "{EE0BBA6C-0EBC-42D6-A477-495DAA324A78}"
EndProject
Project("{00D1A9C2-B5F0-4AF3-8072-F6C62B433612}") = "ArticleApp.SqlServer", "ArticleApp.SqlServer\ArticleApp.SqlServer.sqlproj", "{7BCED3AE-05D3-46ED-BA3E-91D936A17042}"
EndProject
Project("{FAE04EC0-301F-11D3-BF4B-00C04F79EFBC}") = "ArticleApp.Models.Tests", "ArticleApp.Models.Tests\ArticleApp.Models.Tests.csproj", "{6801EEE6-E72D-4986-B548-B5DCCEE4BA64}"
EndProject
Project("{FAE04EC0-301F-11D3-BF4B-00C04F79EFBC}") = "ArticleAppBlazorWeb", "ArticleAppBlazorWeb\ArticleAppBlazorWeb.csproj", "{3B9FDDFF-7D34-4DCC-B002-7EEC2EB56D81}"
EndProject
Project("{FAE04EC0-301F-11D3-BF4B-00C04F79EFBC}") = "ArticleAppBlazorServer", "ArticleAppBlazorServer\ArticleAppBlazorServer.csproj", "{074AA275-B16A-4D1A-BF63-9765A0B97C4F}"
EndProject
Project("{FAE04EC0-301F-11D3-BF4B-00C04F79EFBC}") = "BmsPager", "BmsPager\BmsPager.csproj", "{4536C114-92D4-4736-B42F-19B118D1F89A}"
EndProject
Project("{FAE04EC0-301F-11D3-BF4B-00C04F79EFBC}") = "NoticeApp.Apis", "NoticeApp.Apis\NoticeApp.Apis.csproj", "{655116F0-9506-4C6D-A974-59D4BB152D10}"
EndProject
Project("{FAE04EC0-301F-11D3-BF4B-00C04F79EFBC}") = "UploadApp.Shared", "UploadApp.Shared\UploadApp.Shared.csproj", "{6E69DFC6-BC8B-4B4D-A083-472DE2224739}"
EndProject
Project("{FAE04EC0-301F-11D3-BF4B-00C04F79EFBC}") = "BlazorUtils", "BlazorUtils\BlazorUtils.csproj", "{A152C1B6-801D-42DB-926D-0096ED3B3602}"
EndProject
Global
	GlobalSection(SolutionConfigurationPlatforms) = preSolution
		Debug|Any CPU = Debug|Any CPU
		Release|Any CPU = Release|Any CPU
	EndGlobalSection
	GlobalSection(ProjectConfigurationPlatforms) = postSolution
		{EE0BBA6C-0EBC-42D6-A477-495DAA324A78}.Debug|Any CPU.ActiveCfg = Debug|Any CPU
		{EE0BBA6C-0EBC-42D6-A477-495DAA324A78}.Debug|Any CPU.Build.0 = Debug|Any CPU
		{EE0BBA6C-0EBC-42D6-A477-495DAA324A78}.Release|Any CPU.ActiveCfg = Release|Any CPU
		{EE0BBA6C-0EBC-42D6-A477-495DAA324A78}.Release|Any CPU.Build.0 = Release|Any CPU
		{7BCED3AE-05D3-46ED-BA3E-91D936A17042}.Debug|Any CPU.ActiveCfg = Debug|Any CPU
		{7BCED3AE-05D3-46ED-BA3E-91D936A17042}.Debug|Any CPU.Build.0 = Debug|Any CPU
		{7BCED3AE-05D3-46ED-BA3E-91D936A17042}.Debug|Any CPU.Deploy.0 = Debug|Any CPU
		{7BCED3AE-05D3-46ED-BA3E-91D936A17042}.Release|Any CPU.ActiveCfg = Release|Any CPU
		{7BCED3AE-05D3-46ED-BA3E-91D936A17042}.Release|Any CPU.Build.0 = Release|Any CPU
		{7BCED3AE-05D3-46ED-BA3E-91D936A17042}.Release|Any CPU.Deploy.0 = Release|Any CPU
		{6801EEE6-E72D-4986-B548-B5DCCEE4BA64}.Debug|Any CPU.ActiveCfg = Debug|Any CPU
		{6801EEE6-E72D-4986-B548-B5DCCEE4BA64}.Debug|Any CPU.Build.0 = Debug|Any CPU
		{6801EEE6-E72D-4986-B548-B5DCCEE4BA64}.Release|Any CPU.ActiveCfg = Release|Any CPU
		{6801EEE6-E72D-4986-B548-B5DCCEE4BA64}.Release|Any CPU.Build.0 = Release|Any CPU
		{3B9FDDFF-7D34-4DCC-B002-7EEC2EB56D81}.Debug|Any CPU.ActiveCfg = Debug|Any CPU
		{3B9FDDFF-7D34-4DCC-B002-7EEC2EB56D81}.Debug|Any CPU.Build.0 = Debug|Any CPU
		{3B9FDDFF-7D34-4DCC-B002-7EEC2EB56D81}.Release|Any CPU.ActiveCfg = Release|Any CPU
		{3B9FDDFF-7D34-4DCC-B002-7EEC2EB56D81}.Release|Any CPU.Build.0 = Release|Any CPU
		{074AA275-B16A-4D1A-BF63-9765A0B97C4F}.Debug|Any CPU.ActiveCfg = Debug|Any CPU
		{074AA275-B16A-4D1A-BF63-9765A0B97C4F}.Debug|Any CPU.Build.0 = Debug|Any CPU
		{074AA275-B16A-4D1A-BF63-9765A0B97C4F}.Release|Any CPU.ActiveCfg = Release|Any CPU
		{074AA275-B16A-4D1A-BF63-9765A0B97C4F}.Release|Any CPU.Build.0 = Release|Any CPU
		{4536C114-92D4-4736-B42F-19B118D1F89A}.Debug|Any CPU.ActiveCfg = Debug|Any CPU
		{4536C114-92D4-4736-B42F-19B118D1F89A}.Debug|Any CPU.Build.0 = Debug|Any CPU
		{4536C114-92D4-4736-B42F-19B118D1F89A}.Release|Any CPU.ActiveCfg = Release|Any CPU
		{4536C114-92D4-4736-B42F-19B118D1F89A}.Release|Any CPU.Build.0 = Release|Any CPU
		{655116F0-9506-4C6D-A974-59D4BB152D10}.Debug|Any CPU.ActiveCfg = Debug|Any CPU
		{655116F0-9506-4C6D-A974-59D4BB152D10}.Debug|Any CPU.Build.0 = Debug|Any CPU
		{655116F0-9506-4C6D-A974-59D4BB152D10}.Release|Any CPU.ActiveCfg = Release|Any CPU
		{655116F0-9506-4C6D-A974-59D4BB152D10}.Release|Any CPU.Build.0 = Release|Any CPU
		{6E69DFC6-BC8B-4B4D-A083-472DE2224739}.Debug|Any CPU.ActiveCfg = Debug|Any CPU
		{6E69DFC6-BC8B-4B4D-A083-472DE2224739}.Debug|Any CPU.Build.0 = Debug|Any CPU
		{6E69DFC6-BC8B-4B4D-A083-472DE2224739}.Release|Any CPU.ActiveCfg = Release|Any CPU
		{6E69DFC6-BC8B-4B4D-A083-472DE2224739}.Release|Any CPU.Build.0 = Release|Any CPU
		{A152C1B6-801D-42DB-926D-0096ED3B3602}.Debug|Any CPU.ActiveCfg = Debug|Any CPU
		{A152C1B6-801D-42DB-926D-0096ED3B3602}.Debug|Any CPU.Build.0 = Debug|Any CPU
		{A152C1B6-801D-42DB-926D-0096ED3B3602}.Release|Any CPU.ActiveCfg = Release|Any CPU
		{A152C1B6-801D-42DB-926D-0096ED3B3602}.Release|Any CPU.Build.0 = Release|Any CPU
	EndGlobalSection
	GlobalSection(SolutionProperties) = preSolution
		HideSolutionNode = FALSE
	EndGlobalSection
	GlobalSection(ExtensibilityGlobals) = postSolution
		SolutionGuid = {7EE227C5-8657-4F2E-A93A-92E0F33850C1}
	EndGlobalSection
EndGlobal
