
Microsoft Visual Studio Solution File, Format Version 12.00
# Visual Studio Version 17
VisualStudioVersion = 17.13.35828.75
MinimumVisualStudioVersion = 10.0.40219.1
Project("{FAE04EC0-301F-11D3-BF4B-00C04F79EFBC}") = "ArticleApp.Models", "ArticleApp.Models\ArticleApp.Models.csproj", "{EE0BBA6C-0EBC-42D6-A477-495DAA324A78}"
EndProject
Project("{00D1A9C2-B5F0-4AF3-8072-F6C62B433612}") = "ArticleApp.SqlServer", "ArticleApp.SqlServer\ArticleApp.SqlServer.sqlproj", "{7BCED3AE-05D3-46ED-BA3E-91D936A17042}"
EndProject
Project("{FAE04EC0-301F-11D3-BF4B-00C04F79EFBC}") = "ArticleApp.Models.Tests", "ArticleApp.Models.Tests\ArticleApp.Models.Tests.csproj", "{6801EEE6-E72D-4986-B548-B5DCCEE4BA64}"
EndProject
Project("{FAE04EC0-301F-11D3-BF4B-00C04F79EFBC}") = "ArticleAppBlazorWeb", "ArticleAppBlazorWeb\ArticleAppBlazorWeb.csproj", "{3B9FDDFF-7D34-4DCC-B002-7EEC2EB56D81}"
EndProject
Project("{FAE04EC0-301F-11D3-BF4B-00C04F79EFBC}") = "ArticleAppBlazorServer", "ArticleAppBlazorServer\ArticleAppBlazorServer.csproj", "{074AA275-B16A-4D1A-BF63-9765A0B97C4F}"
EndProject
Project("{FAE04EC0-301F-11D3-BF4B-00C04F79EFBC}") = "BmsPager", "BmsPager\BmsPager.csproj", "{4536C114-92D4-4736-B42F-19B118D1F89A}"
EndProject
Project("{FAE04EC0-301F-11D3-BF4B-00C04F79EFBC}") = "NoticeApp.Apis", "NoticeApp.Apis\NoticeApp.Apis.csproj", "{655116F0-9506-4C6D-A974-59D4BB152D10}"
EndProject
Project("{FAE04EC0-301F-11D3-BF4B-00C04F79EFBC}") = "UploadApp.Shared", "UploadApp.Shared\UploadApp.Shared.csproj", "{6E69DFC6-BC8B-4B4D-A083-472DE2224739}"
EndProject
Project("{FAE04EC0-301F-11D3-BF4B-00C04F79EFBC}") = "BlazorUtils", "BlazorUtils\BlazorUtils.csproj", "{A152C1B6-801D-42DB-926D-0096ED3B3602}"
EndProject
Project("{2150E333-8FDC-42A3-9474-1A3956D46DE8}") = "Nuget", "Nuget", "{C8D5274F-AC00-46C7-1F8D-E88E81087A52}"
EndProject
Project("{FAE04EC0-301F-11D3-BF4B-00C04F79EFBC}") = "BlazorInputFile", "BlazorInputFile\BlazorInputFile.csproj", "{75ADAF7D-911C-5F72-3FFE-A4B3EC85B1AD}"
EndProject
Project("{2150E333-8FDC-42A3-9474-1A3956D46DE8}") = "Test", "Test", "{C632CFEC-3A50-4E9D-A2FD-E68DAD2BFAA3}"
EndProject
Project("{FAE04EC0-301F-11D3-BF4B-00C04F79EFBC}") = "AuthenticationAuthorizationStudy", "AuthenticationAuthorizationStudy\AuthenticationAuthorizationStudy.csproj", "{686CF345-DB2A-5FDC-F3C5-7AEAA64613F1}"
EndProject
Project("{FAE04EC0-301F-11D3-BF4B-00C04F79EFBC}") = "ModernBusiness", "ModernBusiness\ModernBusiness.csproj", "{A4F39135-45F7-49D1-ADED-48286793CC0D}"
EndProject
Global
	GlobalSection(SolutionConfigurationPlatforms) = preSolution
		Debug|Any CPU = Debug|Any CPU
		Release|Any CPU = Release|Any CPU
	EndGlobalSection
	GlobalSection(ProjectConfigurationPlatforms) = postSolution
		{EE0BBA6C-0EBC-42D6-A477-495DAA324A78}.Debug|Any CPU.ActiveCfg = Debug|Any CPU
		{EE0BBA6C-0EBC-42D6-A477-495DAA324A78}.Debug|Any CPU.Build.0 = Debug|Any CPU
		{EE0BBA6C-0EBC-42D6-A477-495DAA324A78}.Release|Any CPU.ActiveCfg = Release|Any CPU
		{EE0BBA6C-0EBC-42D6-A477-495DAA324A78}.Release|Any CPU.Build.0 = Release|Any CPU
		{7BCED3AE-05D3-46ED-BA3E-91D936A17042}.Debug|Any CPU.ActiveCfg = Debug|Any CPU
		{7BCED3AE-05D3-46ED-BA3E-91D936A17042}.Debug|Any CPU.Build.0 = Debug|Any CPU
		{7BCED3AE-05D3-46ED-BA3E-91D936A17042}.Debug|Any CPU.Deploy.0 = Debug|Any CPU
		{7BCED3AE-05D3-46ED-BA3E-91D936A17042}.Release|Any CPU.ActiveCfg = Release|Any CPU
		{7BCED3AE-05D3-46ED-BA3E-91D936A17042}.Release|Any CPU.Build.0 = Release|Any CPU
		{7BCED3AE-05D3-46ED-BA3E-91D936A17042}.Release|Any CPU.Deploy.0 = Release|Any CPU
		{6801EEE6-E72D-4986-B548-B5DCCEE4BA64}.Debug|Any CPU.ActiveCfg = Debug|Any CPU
		{6801EEE6-E72D-4986-B548-B5DCCEE4BA64}.Debug|Any CPU.Build.0 = Debug|Any CPU
		{6801EEE6-E72D-4986-B548-B5DCCEE4BA64}.Release|Any CPU.ActiveCfg = Release|Any CPU
		{6801EEE6-E72D-4986-B548-B5DCCEE4BA64}.Release|Any CPU.Build.0 = Release|Any CPU
		{3B9FDDFF-7D34-4DCC-B002-7EEC2EB56D81}.Debug|Any CPU.ActiveCfg = Debug|Any CPU
		{3B9FDDFF-7D34-4DCC-B002-7EEC2EB56D81}.Debug|Any CPU.Build.0 = Debug|Any CPU
		{3B9FDDFF-7D34-4DCC-B002-7EEC2EB56D81}.Release|Any CPU.ActiveCfg = Release|Any CPU
		{3B9FDDFF-7D34-4DCC-B002-7EEC2EB56D81}.Release|Any CPU.Build.0 = Release|Any CPU
		{074AA275-B16A-4D1A-BF63-9765A0B97C4F}.Debug|Any CPU.ActiveCfg = Debug|Any CPU
		{074AA275-B16A-4D1A-BF63-9765A0B97C4F}.Debug|Any CPU.Build.0 = Debug|Any CPU
		{074AA275-B16A-4D1A-BF63-9765A0B97C4F}.Release|Any CPU.ActiveCfg = Release|Any CPU
		{074AA275-B16A-4D1A-BF63-9765A0B97C4F}.Release|Any CPU.Build.0 = Release|Any CPU
		{4536C114-92D4-4736-B42F-19B118D1F89A}.Debug|Any CPU.ActiveCfg = Debug|Any CPU
		{4536C114-92D4-4736-B42F-19B118D1F89A}.Debug|Any CPU.Build.0 = Debug|Any CPU
		{4536C114-92D4-4736-B42F-19B118D1F89A}.Release|Any CPU.ActiveCfg = Release|Any CPU
		{4536C114-92D4-4736-B42F-19B118D1F89A}.Release|Any CPU.Build.0 = Release|Any CPU
		{655116F0-9506-4C6D-A974-59D4BB152D10}.Debug|Any CPU.ActiveCfg = Debug|Any CPU
		{655116F0-9506-4C6D-A974-59D4BB152D10}.Debug|Any CPU.Build.0 = Debug|Any CPU
		{655116F0-9506-4C6D-A974-59D4BB152D10}.Release|Any CPU.ActiveCfg = Release|Any CPU
		{655116F0-9506-4C6D-A974-59D4BB152D10}.Release|Any CPU.Build.0 = Release|Any CPU
		{6E69DFC6-BC8B-4B4D-A083-472DE2224739}.Debug|Any CPU.ActiveCfg = Debug|Any CPU
		{6E69DFC6-BC8B-4B4D-A083-472DE2224739}.Debug|Any CPU.Build.0 = Debug|Any CPU
		{6E69DFC6-BC8B-4B4D-A083-472DE2224739}.Release|Any CPU.ActiveCfg = Release|Any CPU
		{6E69DFC6-BC8B-4B4D-A083-472DE2224739}.Release|Any CPU.Build.0 = Release|Any CPU
		{A152C1B6-801D-42DB-926D-0096ED3B3602}.Debug|Any CPU.ActiveCfg = Debug|Any CPU
		{A152C1B6-801D-42DB-926D-0096ED3B3602}.Debug|Any CPU.Build.0 = Debug|Any CPU
		{A152C1B6-801D-42DB-926D-0096ED3B3602}.Release|Any CPU.ActiveCfg = Release|Any CPU
		{A152C1B6-801D-42DB-926D-0096ED3B3602}.Release|Any CPU.Build.0 = Release|Any CPU
		{75ADAF7D-911C-5F72-3FFE-A4B3EC85B1AD}.Debug|Any CPU.ActiveCfg = Debug|Any CPU
		{75ADAF7D-911C-5F72-3FFE-A4B3EC85B1AD}.Debug|Any CPU.Build.0 = Debug|Any CPU
		{75ADAF7D-911C-5F72-3FFE-A4B3EC85B1AD}.Release|Any CPU.ActiveCfg = Release|Any CPU
		{75ADAF7D-911C-5F72-3FFE-A4B3EC85B1AD}.Release|Any CPU.Build.0 = Release|Any CPU
		{686CF345-DB2A-5FDC-F3C5-7AEAA64613F1}.Debug|Any CPU.ActiveCfg = Debug|Any CPU
		{686CF345-DB2A-5FDC-F3C5-7AEAA64613F1}.Debug|Any CPU.Build.0 = Debug|Any CPU
		{686CF345-DB2A-5FDC-F3C5-7AEAA64613F1}.Release|Any CPU.ActiveCfg = Release|Any CPU
		{686CF345-DB2A-5FDC-F3C5-7AEAA64613F1}.Release|Any CPU.Build.0 = Release|Any CPU
		{A4F39135-45F7-49D1-ADED-48286793CC0D}.Debug|Any CPU.ActiveCfg = Debug|Any CPU
		{A4F39135-45F7-49D1-ADED-48286793CC0D}.Debug|Any CPU.Build.0 = Debug|Any CPU
		{A4F39135-45F7-49D1-ADED-48286793CC0D}.Release|Any CPU.ActiveCfg = Release|Any CPU
		{A4F39135-45F7-49D1-ADED-48286793CC0D}.Release|Any CPU.Build.0 = Release|Any CPU
	EndGlobalSection
	GlobalSection(SolutionProperties) = preSolution
		HideSolutionNode = FALSE
	EndGlobalSection
	GlobalSection(NestedProjects) = preSolution
		{75ADAF7D-911C-5F72-3FFE-A4B3EC85B1AD} = {C8D5274F-AC00-46C7-1F8D-E88E81087A52}
	EndGlobalSection
	GlobalSection(ExtensibilityGlobals) = postSolution
		SolutionGuid = {7EE227C5-8657-4F2E-A93A-92E0F33850C1}
	EndGlobalSection
EndGlobal
